
Microsoft Visual Studio Solution File, Format Version 12.00
# Visual Studio 15
Project("{FAE04EC0-301F-11D3-BF4B-00C04F79EFBC}") = "Unity.XR.Interaction.Toolkit", "Unity.XR.Interaction.Toolkit.csproj", "{8CD6677E-3677-B3E4-9426-88CB02F5E340}"
EndProject
Project("{FAE04EC0-301F-11D3-BF4B-00C04F79EFBC}") = "Oculus.Platform", "Oculus.Platform.csproj", "{48A6B524-3A38-B05A-0EA3-EF5C1EAA8CBD}"
EndProject
Project("{FAE04EC0-301F-11D3-BF4B-00C04F79EFBC}") = "Assembly-CSharp", "Assembly-CSharp.csproj", "{D802B88B-067D-2A48-E34D-4E5C13946264}"
EndProject
Project("{FAE04EC0-301F-11D3-BF4B-00C04F79EFBC}") = "UnityEngine.TestRunner", "UnityEngine.TestRunner.csproj", "{6CAA1675-F9DC-289C-1FBE-4D9DADADCA30}"
EndProject
Project("{FAE04EC0-301F-11D3-BF4B-00C04F79EFBC}") = "Unity.InputSystem", "Unity.InputSystem.csproj", "{5CE3D049-383C-4465-C8FF-40F7B08B891E}"
EndProject
Project("{FAE04EC0-301F-11D3-BF4B-00C04F79EFBC}") = "Oculus.Interaction", "Oculus.Interaction.csproj", "{E5C26374-DF5D-13BF-0EA5-2AC003C33C32}"
EndProject
Project("{FAE04EC0-301F-11D3-BF4B-00C04F79EFBC}") = "Assembly-CSharp-firstpass", "Assembly-CSharp-firstpass.csproj", "{2572B97B-BA1B-53D2-7637-3810029AE27A}"
EndProject
Project("{FAE04EC0-301F-11D3-BF4B-00C04F79EFBC}") = "Unity.XR.Oculus", "Unity.XR.Oculus.csproj", "{D5371CF3-6861-3BBE-66E9-ADDB4FD6707C}"
EndProject
Project("{FAE04EC0-301F-11D3-BF4B-00C04F79EFBC}") = "Unity.TextMeshPro", "Unity.TextMeshPro.csproj", "{3447EEE7-1AFF-A16A-1AB1-3750C2B535C3}"
EndProject
Project("{FAE04EC0-301F-11D3-BF4B-00C04F79EFBC}") = "Unity.Burst", "Unity.Burst.csproj", "{F571E743-976C-E2A5-F01E-89EB074ABDDF}"
EndProject
Project("{FAE04EC0-301F-11D3-BF4B-00C04F79EFBC}") = "Oculus.VR", "Oculus.VR.csproj", "{003F9F49-53DE-77F0-AEED-DFDE2AE6D8BA}"
EndProject
Project("{FAE04EC0-301F-11D3-BF4B-00C04F79EFBC}") = "Cinemachine", "Cinemachine.csproj", "{3444D1A7-6DC2-82D7-94B1-0DC51A42B202}"
EndProject
Project("{FAE04EC0-301F-11D3-BF4B-00C04F79EFBC}") = "TechniePhysicsCreator", "TechniePhysicsCreator.csproj", "{54A457BA-84FE-E2C8-AB09-2A89D6DF10B7}"
EndProject
Project("{FAE04EC0-301F-11D3-BF4B-00C04F79EFBC}") = "VoiceSDK.Runtime", "VoiceSDK.Runtime.csproj", "{8FBAAECD-C078-F555-3637-618D22BC1828}"
EndProject
Project("{FAE04EC0-301F-11D3-BF4B-00C04F79EFBC}") = "Unity.ProBuilder.Poly2Tri", "Unity.ProBuilder.Poly2Tri.csproj", "{E1ECE8A6-05DC-7DCE-7A25-51987A9F9892}"
EndProject
Project("{FAE04EC0-301F-11D3-BF4B-00C04F79EFBC}") = "Unity.ProBuilder", "Unity.ProBuilder.csproj", "{6794AABD-1EF9-12DC-879B-FE1CC7824FD9}"
EndProject
Project("{FAE04EC0-301F-11D3-BF4B-00C04F79EFBC}") = "Unity.XR.CoreUtils", "Unity.XR.CoreUtils.csproj", "{539E4F52-C8CD-1029-D079-F15778964DF2}"
EndProject
Project("{FAE04EC0-301F-11D3-BF4B-00C04F79EFBC}") = "Unity.XR.OpenXR", "Unity.XR.OpenXR.csproj", "{FDF78175-28B5-CB87-0001-8CA2E8B77F4B}"
EndProject
Project("{FAE04EC0-301F-11D3-BF4B-00C04F79EFBC}") = "Unity.Timeline", "Unity.Timeline.csproj", "{7A18AE15-ADF2-BE2B-EB07-3CB33E219A46}"
EndProject
Project("{FAE04EC0-301F-11D3-BF4B-00C04F79EFBC}") = "Oculus.Interaction.Samples", "Oculus.Interaction.Samples.csproj", "{2ABFE873-C2FB-8D60-376A-2754DAB5051C}"
EndProject
Project("{FAE04EC0-301F-11D3-BF4B-00C04F79EFBC}") = "Facebook.WitAI", "Facebook.WitAI.csproj", "{B7E01630-9FFC-8500-9A73-E2B353C15545}"
EndProject
Project("{FAE04EC0-301F-11D3-BF4B-00C04F79EFBC}") = "Unity.Mathematics", "Unity.Mathematics.csproj", "{4C034918-AED0-A25E-8970-FA7D938ABFBF}"
EndProject
Project("{FAE04EC0-301F-11D3-BF4B-00C04F79EFBC}") = "AssistantCoreSDKRuntime", "AssistantCoreSDKRuntime.csproj", "{296B45A2-457A-845A-1145-ADD78BB55276}"
EndProject
Project("{FAE04EC0-301F-11D3-BF4B-00C04F79EFBC}") = "Runtime", "Runtime.csproj", "{1527BB77-4FAD-A7B1-0C5A-A71B3BBF6B62}"
EndProject
Project("{FAE04EC0-301F-11D3-BF4B-00C04F79EFBC}") = "Oculus.AudioManager", "Oculus.AudioManager.csproj", "{6A615543-A075-23E1-43FB-35BBEC0DB8D9}"
EndProject
Project("{FAE04EC0-301F-11D3-BF4B-00C04F79EFBC}") = "Oculus.LipSync", "Oculus.LipSync.csproj", "{3736F452-1518-E58A-460C-32D85A3BF4FA}"
EndProject
Project("{FAE04EC0-301F-11D3-BF4B-00C04F79EFBC}") = "Oculus.Spatializer", "Oculus.Spatializer.csproj", "{0B98113C-4BBA-7FAB-6BC7-1339C066F6DF}"
EndProject
Project("{FAE04EC0-301F-11D3-BF4B-00C04F79EFBC}") = "Unity.XR.Management", "Unity.XR.Management.csproj", "{B8D66BED-316E-F908-DDD6-81B3250B2975}"
EndProject
Project("{FAE04EC0-301F-11D3-BF4B-00C04F79EFBC}") = "Unity.ProBuilder.KdTree", "Unity.ProBuilder.KdTree.csproj", "{EAF7A16B-CC8D-63DB-CEE1-44F59FA22E95}"
EndProject
Project("{FAE04EC0-301F-11D3-BF4B-00C04F79EFBC}") = "UnityEngine.SpatialTracking", "UnityEngine.SpatialTracking.csproj", "{5F5CEBAC-7275-247C-AD5B-991226123418}"
EndProject
Project("{FAE04EC0-301F-11D3-BF4B-00C04F79EFBC}") = "UnityEngine.XR.LegacyInputHelpers", "UnityEngine.XR.LegacyInputHelpers.csproj", "{0813ED58-549B-BAB0-63D1-589C8193D211}"
EndProject
Project("{FAE04EC0-301F-11D3-BF4B-00C04F79EFBC}") = "Unity.XR.OpenXR.Features.ConformanceAutomation", "Unity.XR.OpenXR.Features.ConformanceAutomation.csproj", "{8D7AB7BC-EE8F-4FAB-C25B-E80BF58BE237}"
EndProject
Project("{FAE04EC0-301F-11D3-BF4B-00C04F79EFBC}") = "Unity.ProBuilder.Csg", "Unity.ProBuilder.Csg.csproj", "{743258A3-009E-623C-C9C0-535174435F02}"
EndProject
Project("{FAE04EC0-301F-11D3-BF4B-00C04F79EFBC}") = "Unity.XR.OpenXR.Features.MockRuntime", "Unity.XR.OpenXR.Features.MockRuntime.csproj", "{3745F386-FAE9-87FE-D929-8441791E4D21}"
EndProject
Project("{FAE04EC0-301F-11D3-BF4B-00C04F79EFBC}") = "Unity.Subsystem.Registration", "Unity.Subsystem.Registration.csproj", "{1E5447BD-52C1-9D94-3671-E065AFA11194}"
EndProject
Project("{FAE04EC0-301F-11D3-BF4B-00C04F79EFBC}") = "Unity.ProBuilder.Stl", "Unity.ProBuilder.Stl.csproj", "{D55563E6-1A0F-C90D-D69B-3A301265B0B6}"
EndProject
Project("{FAE04EC0-301F-11D3-BF4B-00C04F79EFBC}") = "Unity.XR.OpenXR.Features.RuntimeDebugger", "Unity.XR.OpenXR.Features.RuntimeDebugger.csproj", "{7E0BA67D-30AF-167F-1705-19CA804C3579}"
EndProject
Project("{FAE04EC0-301F-11D3-BF4B-00C04F79EFBC}") = "Unity.XR.OpenXR.Features.OculusQuestSupport", "Unity.XR.OpenXR.Features.OculusQuestSupport.csproj", "{D1C5AD58-DE50-9199-C5EE-6D25420B1D88}"
EndProject
Project("{FAE04EC0-301F-11D3-BF4B-00C04F79EFBC}") = "Unity.PlasticSCM.Editor", "Unity.PlasticSCM.Editor.csproj", "{85B0938E-8FA1-3253-1459-E0C637070768}"
EndProject
Project("{FAE04EC0-301F-11D3-BF4B-00C04F79EFBC}") = "Unity.Timeline.Editor", "Unity.Timeline.Editor.csproj", "{7D42B1E1-35F8-CD6F-7BE4-41EA25204571}"
EndProject
Project("{FAE04EC0-301F-11D3-BF4B-00C04F79EFBC}") = "Unity.ProBuilder.Editor", "Unity.ProBuilder.Editor.csproj", "{58994D49-302A-8133-F9F2-4B206994669A}"
EndProject
Project("{FAE04EC0-301F-11D3-BF4B-00C04F79EFBC}") = "com.unity.cinemachine.editor", "com.unity.cinemachine.editor.csproj", "{E35CA56F-F80C-A085-8098-0BF9E623578C}"
EndProject
Project("{FAE04EC0-301F-11D3-BF4B-00C04F79EFBC}") = "Unity.XR.Interaction.Toolkit.Editor", "Unity.XR.Interaction.Toolkit.Editor.csproj", "{6CEF90BF-6726-336C-4141-9B1B6D079DF4}"
EndProject
Project("{FAE04EC0-301F-11D3-BF4B-00C04F79EFBC}") = "Unity.TextMeshPro.Editor", "Unity.TextMeshPro.Editor.csproj", "{0D2A3A39-EEBD-AD23-7F14-057B8BF2C667}"
EndProject
Project("{FAE04EC0-301F-11D3-BF4B-00C04F79EFBC}") = "UnityEditor.TestRunner", "UnityEditor.TestRunner.csproj", "{054298FE-A92A-BC71-9E8F-63380F59637D}"
EndProject
Project("{FAE04EC0-301F-11D3-BF4B-00C04F79EFBC}") = "Unity.Rider.Editor", "Unity.Rider.Editor.csproj", "{B2C971D9-2506-6161-E7E2-67C798EE873F}"
EndProject
Project("{FAE04EC0-301F-11D3-BF4B-00C04F79EFBC}") = "Assembly-CSharp-Editor-firstpass", "Assembly-CSharp-Editor-firstpass.csproj", "{7C628475-A743-4DDB-F6F2-5670C8B78B4B}"
EndProject
Project("{FAE04EC0-301F-11D3-BF4B-00C04F79EFBC}") = "Unity.Services.Core.Editor", "Unity.Services.Core.Editor.csproj", "{9A636AE1-F1C5-A1C9-507B-3732E965B89B}"
EndProject
Project("{FAE04EC0-301F-11D3-BF4B-00C04F79EFBC}") = "Unity.CollabProxy.Editor", "Unity.CollabProxy.Editor.csproj", "{E6CF6FEF-4922-222A-2AC4-76CD6026D9BD}"
EndProject
Project("{FAE04EC0-301F-11D3-BF4B-00C04F79EFBC}") = "Unity.Burst.CodeGen", "Unity.Burst.CodeGen.csproj", "{B2194FA4-97AE-7F18-2324-BA4AFAF13A4A}"
EndProject
Project("{FAE04EC0-301F-11D3-BF4B-00C04F79EFBC}") = "Unity.XR.Management.Editor", "Unity.XR.Management.Editor.csproj", "{D9493EE7-B5DB-0939-D2BB-0B4551C98DD2}"
EndProject
Project("{FAE04EC0-301F-11D3-BF4B-00C04F79EFBC}") = "Unity.VSCode.Editor", "Unity.VSCode.Editor.csproj", "{F49AEE9A-F35B-EB11-962F-EA177FDBFF03}"
EndProject
Project("{FAE04EC0-301F-11D3-BF4B-00C04F79EFBC}") = "Unity.VisualStudio.Editor", "Unity.VisualStudio.Editor.csproj", "{4AB308E1-4FEE-D656-183C-E12F3A1B2FBF}"
EndProject
Project("{FAE04EC0-301F-11D3-BF4B-00C04F79EFBC}") = "Oculus.Interaction.Editor", "Oculus.Interaction.Editor.csproj", "{B71F490E-69F1-331D-3434-561BBCA354C6}"
EndProject
Project("{FAE04EC0-301F-11D3-BF4B-00C04F79EFBC}") = "Assembly-CSharp-Editor", "Assembly-CSharp-Editor.csproj", "{087927C1-9333-ED63-F54C-0D3F82518DEE}"
EndProject
Project("{FAE04EC0-301F-11D3-BF4B-00C04F79EFBC}") = "Unity.Settings.Editor", "Unity.Settings.Editor.csproj", "{23ECF66E-E7CD-AC3D-9817-54AD50DC77C8}"
EndProject
Project("{FAE04EC0-301F-11D3-BF4B-00C04F79EFBC}") = "UnityEditor.SpatialTracking", "UnityEditor.SpatialTracking.csproj", "{C7243D3D-A4B7-F6CA-A133-34936AEAC6F4}"
EndProject
Project("{FAE04EC0-301F-11D3-BF4B-00C04F79EFBC}") = "Facebook.Wit.Editor", "Facebook.Wit.Editor.csproj", "{7C28D03A-BD1A-F1B1-0C7F-1F5CDBB37AA8}"
EndProject
Project("{FAE04EC0-301F-11D3-BF4B-00C04F79EFBC}") = "Unity.XR.OpenXR.Editor", "Unity.XR.OpenXR.Editor.csproj", "{14623602-8C7C-61F9-C76E-5F2410263B47}"
EndProject
Project("{FAE04EC0-301F-11D3-BF4B-00C04F79EFBC}") = "UnityEditor.XR.LegacyInputHelpers", "UnityEditor.XR.LegacyInputHelpers.csproj", "{02AD8B39-D1FD-3D6D-CE0C-5AFBD77987F2}"
EndProject
Project("{FAE04EC0-301F-11D3-BF4B-00C04F79EFBC}") = "Oculus.Platform.Editor", "Oculus.Platform.Editor.csproj", "{0E6E6C7F-8995-AFA0-E0FF-27E91CD76E27}"
EndProject
Project("{FAE04EC0-301F-11D3-BF4B-00C04F79EFBC}") = "Unity.Searcher.Editor", "Unity.Searcher.Editor.csproj", "{D494355A-0795-BA69-B87F-D779086C8C0A}"
EndProject
Project("{FAE04EC0-301F-11D3-BF4B-00C04F79EFBC}") = "VoiceSDK.Editor", "VoiceSDK.Editor.csproj", "{19A9ED5A-23D3-D94C-CFDD-A82302F31D3B}"
EndProject
Project("{FAE04EC0-301F-11D3-BF4B-00C04F79EFBC}") = "TechniePhysicsCreatorEditor", "TechniePhysicsCreatorEditor.csproj", "{837545CE-E4B8-562A-FE7E-CC6D1C8CDC63}"
EndProject
Project("{FAE04EC0-301F-11D3-BF4B-00C04F79EFBC}") = "Oculus.AudioManager.Audio.Editor", "Oculus.AudioManager.Audio.Editor.csproj", "{A2518A6B-F286-87E4-4F04-F212608C4F33}"
EndProject
Project("{FAE04EC0-301F-11D3-BF4B-00C04F79EFBC}") = "Unity.Burst.Editor", "Unity.Burst.Editor.csproj", "{0360DD8B-5930-32F2-699B-E28016D50993}"
EndProject
Project("{FAE04EC0-301F-11D3-BF4B-00C04F79EFBC}") = "Oculus.VR.Scripts.Editor", "Oculus.VR.Scripts.Editor.csproj", "{63901D6B-EF78-FAA2-7F3F-0B4E3CC8E351}"
EndProject
Project("{FAE04EC0-301F-11D3-BF4B-00C04F79EFBC}") = "Unity.ProBuilder.AssetIdRemapUtility", "Unity.ProBuilder.AssetIdRemapUtility.csproj", "{D686BA82-9222-0A85-A94F-DB75B3AE7759}"
EndProject
Project("{FAE04EC0-301F-11D3-BF4B-00C04F79EFBC}") = "Unity.XR.OpenXR.Features.RuntimeDebugger.Editor", "Unity.XR.OpenXR.Features.RuntimeDebugger.Editor.csproj", "{DB983A9E-E821-9E7D-01B2-9EA9ED5BE8F7}"
EndProject
Project("{FAE04EC0-301F-11D3-BF4B-00C04F79EFBC}") = "Unity.XR.CoreUtils.Editor", "Unity.XR.CoreUtils.Editor.csproj", "{6265EBC3-1C7E-3471-0C73-B3FE28001240}"
EndProject
Project("{FAE04EC0-301F-11D3-BF4B-00C04F79EFBC}") = "Unity.XR.Oculus.Editor", "Unity.XR.Oculus.Editor.csproj", "{DE470EA0-4AC9-E6C4-FDDF-12FC665C68C3}"
EndProject
Project("{FAE04EC0-301F-11D3-BF4B-00C04F79EFBC}") = "Oculus.VR.Editor", "Oculus.VR.Editor.csproj", "{CAD9788B-5C8F-B01A-129D-E94850182979}"
EndProject
Project("{FAE04EC0-301F-11D3-BF4B-00C04F79EFBC}") = "Unity.Mathematics.Editor", "Unity.Mathematics.Editor.csproj", "{667773E4-3409-7D95-A6CA-376491ABC030}"
EndProject
Project("{FAE04EC0-301F-11D3-BF4B-00C04F79EFBC}") = "Oculus.LipSync.Editor", "Oculus.LipSync.Editor.csproj", "{BEA49FB8-D4FD-63E4-876A-545EB6607563}"
EndProject
Project("{FAE04EC0-301F-11D3-BF4B-00C04F79EFBC}") = "Unity.ProBuilder.AddOns.Editor", "Unity.ProBuilder.AddOns.Editor.csproj", "{C8C2FABD-E02B-F288-6D95-0DCC5DE8DBE7}"
EndProject
Project("{FAE04EC0-301F-11D3-BF4B-00C04F79EFBC}") = "Oculus.AudioManager.Utils.Editor", "Oculus.AudioManager.Utils.Editor.csproj", "{074DBCD5-FC9F-1D9D-3CA3-055910548508}"
EndProject
Project("{FAE04EC0-301F-11D3-BF4B-00C04F79EFBC}") = "Oculus.Spatializer.Editor", "Oculus.Spatializer.Editor.csproj", "{49A1C364-CD75-EA2E-4378-066CFA9C00AD}"
EndProject
Project("{FAE04EC0-301F-11D3-BF4B-00C04F79EFBC}") = "Unity.XR.OpenXR.Features.OculusQuestSupport.Editor", "Unity.XR.OpenXR.Features.OculusQuestSupport.Editor.csproj", "{D3AD9565-4A57-6231-4A2C-12D91F727E05}"
EndProject
Project("{FAE04EC0-301F-11D3-BF4B-00C04F79EFBC}") = "Oculus.Interaction.InterfaceSupport", "Oculus.Interaction.InterfaceSupport.csproj", "{8894B379-F355-9081-A5F6-AA08E7028A5A}"
EndProject
Project("{FAE04EC0-301F-11D3-BF4B-00C04F79EFBC}") = "AssistantCoreSDKEditor", "AssistantCoreSDKEditor.csproj", "{AF4F01B9-B436-52F4-181A-80772BFA04F4}"
EndProject
Global
	GlobalSection(SolutionConfigurationPlatforms) = preSolution
		Debug|Any CPU = Debug|Any CPU
		Release|Any CPU = Release|Any CPU
	EndGlobalSection
	GlobalSection(ProjectConfigurationPlatforms) = postSolution
		{8CD6677E-3677-B3E4-9426-88CB02F5E340}.Debug|Any CPU.ActiveCfg = Debug|Any CPU
		{8CD6677E-3677-B3E4-9426-88CB02F5E340}.Debug|Any CPU.Build.0 = Debug|Any CPU
		{8CD6677E-3677-B3E4-9426-88CB02F5E340}.Release|Any CPU.ActiveCfg = Release|Any CPU
		{8CD6677E-3677-B3E4-9426-88CB02F5E340}.Release|Any CPU.Build.0 = Release|Any CPU
		{48A6B524-3A38-B05A-0EA3-EF5C1EAA8CBD}.Debug|Any CPU.ActiveCfg = Debug|Any CPU
		{48A6B524-3A38-B05A-0EA3-EF5C1EAA8CBD}.Debug|Any CPU.Build.0 = Debug|Any CPU
		{48A6B524-3A38-B05A-0EA3-EF5C1EAA8CBD}.Release|Any CPU.ActiveCfg = Release|Any CPU
		{48A6B524-3A38-B05A-0EA3-EF5C1EAA8CBD}.Release|Any CPU.Build.0 = Release|Any CPU
		{D802B88B-067D-2A48-E34D-4E5C13946264}.Debug|Any CPU.ActiveCfg = Debug|Any CPU
		{D802B88B-067D-2A48-E34D-4E5C13946264}.Debug|Any CPU.Build.0 = Debug|Any CPU
		{D802B88B-067D-2A48-E34D-4E5C13946264}.Release|Any CPU.ActiveCfg = Release|Any CPU
		{D802B88B-067D-2A48-E34D-4E5C13946264}.Release|Any CPU.Build.0 = Release|Any CPU
		{6CAA1675-F9DC-289C-1FBE-4D9DADADCA30}.Debug|Any CPU.ActiveCfg = Debug|Any CPU
		{6CAA1675-F9DC-289C-1FBE-4D9DADADCA30}.Debug|Any CPU.Build.0 = Debug|Any CPU
		{6CAA1675-F9DC-289C-1FBE-4D9DADADCA30}.Release|Any CPU.ActiveCfg = Release|Any CPU
		{6CAA1675-F9DC-289C-1FBE-4D9DADADCA30}.Release|Any CPU.Build.0 = Release|Any CPU
		{5CE3D049-383C-4465-C8FF-40F7B08B891E}.Debug|Any CPU.ActiveCfg = Debug|Any CPU
		{5CE3D049-383C-4465-C8FF-40F7B08B891E}.Debug|Any CPU.Build.0 = Debug|Any CPU
		{5CE3D049-383C-4465-C8FF-40F7B08B891E}.Release|Any CPU.ActiveCfg = Release|Any CPU
		{5CE3D049-383C-4465-C8FF-40F7B08B891E}.Release|Any CPU.Build.0 = Release|Any CPU
		{E5C26374-DF5D-13BF-0EA5-2AC003C33C32}.Debug|Any CPU.ActiveCfg = Debug|Any CPU
		{E5C26374-DF5D-13BF-0EA5-2AC003C33C32}.Debug|Any CPU.Build.0 = Debug|Any CPU
		{E5C26374-DF5D-13BF-0EA5-2AC003C33C32}.Release|Any CPU.ActiveCfg = Release|Any CPU
		{E5C26374-DF5D-13BF-0EA5-2AC003C33C32}.Release|Any CPU.Build.0 = Release|Any CPU
		{2572B97B-BA1B-53D2-7637-3810029AE27A}.Debug|Any CPU.ActiveCfg = Debug|Any CPU
		{2572B97B-BA1B-53D2-7637-3810029AE27A}.Debug|Any CPU.Build.0 = Debug|Any CPU
		{2572B97B-BA1B-53D2-7637-3810029AE27A}.Release|Any CPU.ActiveCfg = Release|Any CPU
		{2572B97B-BA1B-53D2-7637-3810029AE27A}.Release|Any CPU.Build.0 = Release|Any CPU
		{D5371CF3-6861-3BBE-66E9-ADDB4FD6707C}.Debug|Any CPU.ActiveCfg = Debug|Any CPU
		{D5371CF3-6861-3BBE-66E9-ADDB4FD6707C}.Debug|Any CPU.Build.0 = Debug|Any CPU
		{D5371CF3-6861-3BBE-66E9-ADDB4FD6707C}.Release|Any CPU.ActiveCfg = Release|Any CPU
		{D5371CF3-6861-3BBE-66E9-ADDB4FD6707C}.Release|Any CPU.Build.0 = Release|Any CPU
		{3447EEE7-1AFF-A16A-1AB1-3750C2B535C3}.Debug|Any CPU.ActiveCfg = Debug|Any CPU
		{3447EEE7-1AFF-A16A-1AB1-3750C2B535C3}.Debug|Any CPU.Build.0 = Debug|Any CPU
		{3447EEE7-1AFF-A16A-1AB1-3750C2B535C3}.Release|Any CPU.ActiveCfg = Release|Any CPU
		{3447EEE7-1AFF-A16A-1AB1-3750C2B535C3}.Release|Any CPU.Build.0 = Release|Any CPU
		{F571E743-976C-E2A5-F01E-89EB074ABDDF}.Debug|Any CPU.ActiveCfg = Debug|Any CPU
		{F571E743-976C-E2A5-F01E-89EB074ABDDF}.Debug|Any CPU.Build.0 = Debug|Any CPU
		{F571E743-976C-E2A5-F01E-89EB074ABDDF}.Release|Any CPU.ActiveCfg = Release|Any CPU
		{F571E743-976C-E2A5-F01E-89EB074ABDDF}.Release|Any CPU.Build.0 = Release|Any CPU
		{003F9F49-53DE-77F0-AEED-DFDE2AE6D8BA}.Debug|Any CPU.ActiveCfg = Debug|Any CPU
		{003F9F49-53DE-77F0-AEED-DFDE2AE6D8BA}.Debug|Any CPU.Build.0 = Debug|Any CPU
		{003F9F49-53DE-77F0-AEED-DFDE2AE6D8BA}.Release|Any CPU.ActiveCfg = Release|Any CPU
		{003F9F49-53DE-77F0-AEED-DFDE2AE6D8BA}.Release|Any CPU.Build.0 = Release|Any CPU
		{3444D1A7-6DC2-82D7-94B1-0DC51A42B202}.Debug|Any CPU.ActiveCfg = Debug|Any CPU
		{3444D1A7-6DC2-82D7-94B1-0DC51A42B202}.Debug|Any CPU.Build.0 = Debug|Any CPU
		{3444D1A7-6DC2-82D7-94B1-0DC51A42B202}.Release|Any CPU.ActiveCfg = Release|Any CPU
		{3444D1A7-6DC2-82D7-94B1-0DC51A42B202}.Release|Any CPU.Build.0 = Release|Any CPU
		{54A457BA-84FE-E2C8-AB09-2A89D6DF10B7}.Debug|Any CPU.ActiveCfg = Debug|Any CPU
		{54A457BA-84FE-E2C8-AB09-2A89D6DF10B7}.Debug|Any CPU.Build.0 = Debug|Any CPU
		{54A457BA-84FE-E2C8-AB09-2A89D6DF10B7}.Release|Any CPU.ActiveCfg = Release|Any CPU
		{54A457BA-84FE-E2C8-AB09-2A89D6DF10B7}.Release|Any CPU.Build.0 = Release|Any CPU
		{8FBAAECD-C078-F555-3637-618D22BC1828}.Debug|Any CPU.ActiveCfg = Debug|Any CPU
		{8FBAAECD-C078-F555-3637-618D22BC1828}.Debug|Any CPU.Build.0 = Debug|Any CPU
		{8FBAAECD-C078-F555-3637-618D22BC1828}.Release|Any CPU.ActiveCfg = Release|Any CPU
		{8FBAAECD-C078-F555-3637-618D22BC1828}.Release|Any CPU.Build.0 = Release|Any CPU
		{E1ECE8A6-05DC-7DCE-7A25-51987A9F9892}.Debug|Any CPU.ActiveCfg = Debug|Any CPU
		{E1ECE8A6-05DC-7DCE-7A25-51987A9F9892}.Debug|Any CPU.Build.0 = Debug|Any CPU
		{E1ECE8A6-05DC-7DCE-7A25-51987A9F9892}.Release|Any CPU.ActiveCfg = Release|Any CPU
		{E1ECE8A6-05DC-7DCE-7A25-51987A9F9892}.Release|Any CPU.Build.0 = Release|Any CPU
		{6794AABD-1EF9-12DC-879B-FE1CC7824FD9}.Debug|Any CPU.ActiveCfg = Debug|Any CPU
		{6794AABD-1EF9-12DC-879B-FE1CC7824FD9}.Debug|Any CPU.Build.0 = Debug|Any CPU
		{6794AABD-1EF9-12DC-879B-FE1CC7824FD9}.Release|Any CPU.ActiveCfg = Release|Any CPU
		{6794AABD-1EF9-12DC-879B-FE1CC7824FD9}.Release|Any CPU.Build.0 = Release|Any CPU
		{539E4F52-C8CD-1029-D079-F15778964DF2}.Debug|Any CPU.ActiveCfg = Debug|Any CPU
		{539E4F52-C8CD-1029-D079-F15778964DF2}.Debug|Any CPU.Build.0 = Debug|Any CPU
		{539E4F52-C8CD-1029-D079-F15778964DF2}.Release|Any CPU.ActiveCfg = Release|Any CPU
		{539E4F52-C8CD-1029-D079-F15778964DF2}.Release|Any CPU.Build.0 = Release|Any CPU
		{FDF78175-28B5-CB87-0001-8CA2E8B77F4B}.Debug|Any CPU.ActiveCfg = Debug|Any CPU
		{FDF78175-28B5-CB87-0001-8CA2E8B77F4B}.Debug|Any CPU.Build.0 = Debug|Any CPU
		{FDF78175-28B5-CB87-0001-8CA2E8B77F4B}.Release|Any CPU.ActiveCfg = Release|Any CPU
		{FDF78175-28B5-CB87-0001-8CA2E8B77F4B}.Release|Any CPU.Build.0 = Release|Any CPU
		{7A18AE15-ADF2-BE2B-EB07-3CB33E219A46}.Debug|Any CPU.ActiveCfg = Debug|Any CPU
		{7A18AE15-ADF2-BE2B-EB07-3CB33E219A46}.Debug|Any CPU.Build.0 = Debug|Any CPU
		{7A18AE15-ADF2-BE2B-EB07-3CB33E219A46}.Release|Any CPU.ActiveCfg = Release|Any CPU
		{7A18AE15-ADF2-BE2B-EB07-3CB33E219A46}.Release|Any CPU.Build.0 = Release|Any CPU
		{2ABFE873-C2FB-8D60-376A-2754DAB5051C}.Debug|Any CPU.ActiveCfg = Debug|Any CPU
		{2ABFE873-C2FB-8D60-376A-2754DAB5051C}.Debug|Any CPU.Build.0 = Debug|Any CPU
		{2ABFE873-C2FB-8D60-376A-2754DAB5051C}.Release|Any CPU.ActiveCfg = Release|Any CPU
		{2ABFE873-C2FB-8D60-376A-2754DAB5051C}.Release|Any CPU.Build.0 = Release|Any CPU
		{B7E01630-9FFC-8500-9A73-E2B353C15545}.Debug|Any CPU.ActiveCfg = Debug|Any CPU
		{B7E01630-9FFC-8500-9A73-E2B353C15545}.Debug|Any CPU.Build.0 = Debug|Any CPU
		{B7E01630-9FFC-8500-9A73-E2B353C15545}.Release|Any CPU.ActiveCfg = Release|Any CPU
		{B7E01630-9FFC-8500-9A73-E2B353C15545}.Release|Any CPU.Build.0 = Release|Any CPU
		{4C034918-AED0-A25E-8970-FA7D938ABFBF}.Debug|Any CPU.ActiveCfg = Debug|Any CPU
		{4C034918-AED0-A25E-8970-FA7D938ABFBF}.Debug|Any CPU.Build.0 = Debug|Any CPU
		{4C034918-AED0-A25E-8970-FA7D938ABFBF}.Release|Any CPU.ActiveCfg = Release|Any CPU
		{4C034918-AED0-A25E-8970-FA7D938ABFBF}.Release|Any CPU.Build.0 = Release|Any CPU
		{296B45A2-457A-845A-1145-ADD78BB55276}.Debug|Any CPU.ActiveCfg = Debug|Any CPU
		{296B45A2-457A-845A-1145-ADD78BB55276}.Debug|Any CPU.Build.0 = Debug|Any CPU
		{296B45A2-457A-845A-1145-ADD78BB55276}.Release|Any CPU.ActiveCfg = Release|Any CPU
		{296B45A2-457A-845A-1145-ADD78BB55276}.Release|Any CPU.Build.0 = Release|Any CPU
		{1527BB77-4FAD-A7B1-0C5A-A71B3BBF6B62}.Debug|Any CPU.ActiveCfg = Debug|Any CPU
		{1527BB77-4FAD-A7B1-0C5A-A71B3BBF6B62}.Debug|Any CPU.Build.0 = Debug|Any CPU
		{1527BB77-4FAD-A7B1-0C5A-A71B3BBF6B62}.Release|Any CPU.ActiveCfg = Release|Any CPU
		{1527BB77-4FAD-A7B1-0C5A-A71B3BBF6B62}.Release|Any CPU.Build.0 = Release|Any CPU
		{6A615543-A075-23E1-43FB-35BBEC0DB8D9}.Debug|Any CPU.ActiveCfg = Debug|Any CPU
		{6A615543-A075-23E1-43FB-35BBEC0DB8D9}.Debug|Any CPU.Build.0 = Debug|Any CPU
		{6A615543-A075-23E1-43FB-35BBEC0DB8D9}.Release|Any CPU.ActiveCfg = Release|Any CPU
		{6A615543-A075-23E1-43FB-35BBEC0DB8D9}.Release|Any CPU.Build.0 = Release|Any CPU
		{3736F452-1518-E58A-460C-32D85A3BF4FA}.Debug|Any CPU.ActiveCfg = Debug|Any CPU
		{3736F452-1518-E58A-460C-32D85A3BF4FA}.Debug|Any CPU.Build.0 = Debug|Any CPU
		{3736F452-1518-E58A-460C-32D85A3BF4FA}.Release|Any CPU.ActiveCfg = Release|Any CPU
		{3736F452-1518-E58A-460C-32D85A3BF4FA}.Release|Any CPU.Build.0 = Release|Any CPU
		{0B98113C-4BBA-7FAB-6BC7-1339C066F6DF}.Debug|Any CPU.ActiveCfg = Debug|Any CPU
		{0B98113C-4BBA-7FAB-6BC7-1339C066F6DF}.Debug|Any CPU.Build.0 = Debug|Any CPU
		{0B98113C-4BBA-7FAB-6BC7-1339C066F6DF}.Release|Any CPU.ActiveCfg = Release|Any CPU
		{0B98113C-4BBA-7FAB-6BC7-1339C066F6DF}.Release|Any CPU.Build.0 = Release|Any CPU
		{B8D66BED-316E-F908-DDD6-81B3250B2975}.Debug|Any CPU.ActiveCfg = Debug|Any CPU
		{B8D66BED-316E-F908-DDD6-81B3250B2975}.Debug|Any CPU.Build.0 = Debug|Any CPU
		{B8D66BED-316E-F908-DDD6-81B3250B2975}.Release|Any CPU.ActiveCfg = Release|Any CPU
		{B8D66BED-316E-F908-DDD6-81B3250B2975}.Release|Any CPU.Build.0 = Release|Any CPU
		{EAF7A16B-CC8D-63DB-CEE1-44F59FA22E95}.Debug|Any CPU.ActiveCfg = Debug|Any CPU
		{EAF7A16B-CC8D-63DB-CEE1-44F59FA22E95}.Debug|Any CPU.Build.0 = Debug|Any CPU
		{EAF7A16B-CC8D-63DB-CEE1-44F59FA22E95}.Release|Any CPU.ActiveCfg = Release|Any CPU
		{EAF7A16B-CC8D-63DB-CEE1-44F59FA22E95}.Release|Any CPU.Build.0 = Release|Any CPU
		{5F5CEBAC-7275-247C-AD5B-991226123418}.Debug|Any CPU.ActiveCfg = Debug|Any CPU
		{5F5CEBAC-7275-247C-AD5B-991226123418}.Debug|Any CPU.Build.0 = Debug|Any CPU
		{5F5CEBAC-7275-247C-AD5B-991226123418}.Release|Any CPU.ActiveCfg = Release|Any CPU
		{5F5CEBAC-7275-247C-AD5B-991226123418}.Release|Any CPU.Build.0 = Release|Any CPU
		{0813ED58-549B-BAB0-63D1-589C8193D211}.Debug|Any CPU.ActiveCfg = Debug|Any CPU
		{0813ED58-549B-BAB0-63D1-589C8193D211}.Debug|Any CPU.Build.0 = Debug|Any CPU
		{0813ED58-549B-BAB0-63D1-589C8193D211}.Release|Any CPU.ActiveCfg = Release|Any CPU
		{0813ED58-549B-BAB0-63D1-589C8193D211}.Release|Any CPU.Build.0 = Release|Any CPU
		{8D7AB7BC-EE8F-4FAB-C25B-E80BF58BE237}.Debug|Any CPU.ActiveCfg = Debug|Any CPU
		{8D7AB7BC-EE8F-4FAB-C25B-E80BF58BE237}.Debug|Any CPU.Build.0 = Debug|Any CPU
		{8D7AB7BC-EE8F-4FAB-C25B-E80BF58BE237}.Release|Any CPU.ActiveCfg = Release|Any CPU
		{8D7AB7BC-EE8F-4FAB-C25B-E80BF58BE237}.Release|Any CPU.Build.0 = Release|Any CPU
		{743258A3-009E-623C-C9C0-535174435F02}.Debug|Any CPU.ActiveCfg = Debug|Any CPU
		{743258A3-009E-623C-C9C0-535174435F02}.Debug|Any CPU.Build.0 = Debug|Any CPU
		{743258A3-009E-623C-C9C0-535174435F02}.Release|Any CPU.ActiveCfg = Release|Any CPU
		{743258A3-009E-623C-C9C0-535174435F02}.Release|Any CPU.Build.0 = Release|Any CPU
		{3745F386-FAE9-87FE-D929-8441791E4D21}.Debug|Any CPU.ActiveCfg = Debug|Any CPU
		{3745F386-FAE9-87FE-D929-8441791E4D21}.Debug|Any CPU.Build.0 = Debug|Any CPU
		{3745F386-FAE9-87FE-D929-8441791E4D21}.Release|Any CPU.ActiveCfg = Release|Any CPU
		{3745F386-FAE9-87FE-D929-8441791E4D21}.Release|Any CPU.Build.0 = Release|Any CPU
		{1E5447BD-52C1-9D94-3671-E065AFA11194}.Debug|Any CPU.ActiveCfg = Debug|Any CPU
		{1E5447BD-52C1-9D94-3671-E065AFA11194}.Debug|Any CPU.Build.0 = Debug|Any CPU
		{1E5447BD-52C1-9D94-3671-E065AFA11194}.Release|Any CPU.ActiveCfg = Release|Any CPU
		{1E5447BD-52C1-9D94-3671-E065AFA11194}.Release|Any CPU.Build.0 = Release|Any CPU
		{D55563E6-1A0F-C90D-D69B-3A301265B0B6}.Debug|Any CPU.ActiveCfg = Debug|Any CPU
		{D55563E6-1A0F-C90D-D69B-3A301265B0B6}.Debug|Any CPU.Build.0 = Debug|Any CPU
		{D55563E6-1A0F-C90D-D69B-3A301265B0B6}.Release|Any CPU.ActiveCfg = Release|Any CPU
		{D55563E6-1A0F-C90D-D69B-3A301265B0B6}.Release|Any CPU.Build.0 = Release|Any CPU
		{7E0BA67D-30AF-167F-1705-19CA804C3579}.Debug|Any CPU.ActiveCfg = Debug|Any CPU
		{7E0BA67D-30AF-167F-1705-19CA804C3579}.Debug|Any CPU.Build.0 = Debug|Any CPU
		{7E0BA67D-30AF-167F-1705-19CA804C3579}.Release|Any CPU.ActiveCfg = Release|Any CPU
		{7E0BA67D-30AF-167F-1705-19CA804C3579}.Release|Any CPU.Build.0 = Release|Any CPU
		{D1C5AD58-DE50-9199-C5EE-6D25420B1D88}.Debug|Any CPU.ActiveCfg = Debug|Any CPU
		{D1C5AD58-DE50-9199-C5EE-6D25420B1D88}.Debug|Any CPU.Build.0 = Debug|Any CPU
		{D1C5AD58-DE50-9199-C5EE-6D25420B1D88}.Release|Any CPU.ActiveCfg = Release|Any CPU
		{D1C5AD58-DE50-9199-C5EE-6D25420B1D88}.Release|Any CPU.Build.0 = Release|Any CPU
		{85B0938E-8FA1-3253-1459-E0C637070768}.Debug|Any CPU.ActiveCfg = Debug|Any CPU
		{85B0938E-8FA1-3253-1459-E0C637070768}.Debug|Any CPU.Build.0 = Debug|Any CPU
		{85B0938E-8FA1-3253-1459-E0C637070768}.Release|Any CPU.ActiveCfg = Release|Any CPU
		{85B0938E-8FA1-3253-1459-E0C637070768}.Release|Any CPU.Build.0 = Release|Any CPU
		{7D42B1E1-35F8-CD6F-7BE4-41EA25204571}.Debug|Any CPU.ActiveCfg = Debug|Any CPU
		{7D42B1E1-35F8-CD6F-7BE4-41EA25204571}.Debug|Any CPU.Build.0 = Debug|Any CPU
		{7D42B1E1-35F8-CD6F-7BE4-41EA25204571}.Release|Any CPU.ActiveCfg = Release|Any CPU
		{7D42B1E1-35F8-CD6F-7BE4-41EA25204571}.Release|Any CPU.Build.0 = Release|Any CPU
		{58994D49-302A-8133-F9F2-4B206994669A}.Debug|Any CPU.ActiveCfg = Debug|Any CPU
		{58994D49-302A-8133-F9F2-4B206994669A}.Debug|Any CPU.Build.0 = Debug|Any CPU
		{58994D49-302A-8133-F9F2-4B206994669A}.Release|Any CPU.ActiveCfg = Release|Any CPU
		{58994D49-302A-8133-F9F2-4B206994669A}.Release|Any CPU.Build.0 = Release|Any CPU
		{E35CA56F-F80C-A085-8098-0BF9E623578C}.Debug|Any CPU.ActiveCfg = Debug|Any CPU
		{E35CA56F-F80C-A085-8098-0BF9E623578C}.Debug|Any CPU.Build.0 = Debug|Any CPU
		{E35CA56F-F80C-A085-8098-0BF9E623578C}.Release|Any CPU.ActiveCfg = Release|Any CPU
		{E35CA56F-F80C-A085-8098-0BF9E623578C}.Release|Any CPU.Build.0 = Release|Any CPU
		{6CEF90BF-6726-336C-4141-9B1B6D079DF4}.Debug|Any CPU.ActiveCfg = Debug|Any CPU
		{6CEF90BF-6726-336C-4141-9B1B6D079DF4}.Debug|Any CPU.Build.0 = Debug|Any CPU
		{6CEF90BF-6726-336C-4141-9B1B6D079DF4}.Release|Any CPU.ActiveCfg = Release|Any CPU
		{6CEF90BF-6726-336C-4141-9B1B6D079DF4}.Release|Any CPU.Build.0 = Release|Any CPU
		{0D2A3A39-EEBD-AD23-7F14-057B8BF2C667}.Debug|Any CPU.ActiveCfg = Debug|Any CPU
		{0D2A3A39-EEBD-AD23-7F14-057B8BF2C667}.Debug|Any CPU.Build.0 = Debug|Any CPU
		{0D2A3A39-EEBD-AD23-7F14-057B8BF2C667}.Release|Any CPU.ActiveCfg = Release|Any CPU
		{0D2A3A39-EEBD-AD23-7F14-057B8BF2C667}.Release|Any CPU.Build.0 = Release|Any CPU
		{054298FE-A92A-BC71-9E8F-63380F59637D}.Debug|Any CPU.ActiveCfg = Debug|Any CPU
		{054298FE-A92A-BC71-9E8F-63380F59637D}.Debug|Any CPU.Build.0 = Debug|Any CPU
		{054298FE-A92A-BC71-9E8F-63380F59637D}.Release|Any CPU.ActiveCfg = Release|Any CPU
		{054298FE-A92A-BC71-9E8F-63380F59637D}.Release|Any CPU.Build.0 = Release|Any CPU
		{B2C971D9-2506-6161-E7E2-67C798EE873F}.Debug|Any CPU.ActiveCfg = Debug|Any CPU
		{B2C971D9-2506-6161-E7E2-67C798EE873F}.Debug|Any CPU.Build.0 = Debug|Any CPU
		{B2C971D9-2506-6161-E7E2-67C798EE873F}.Release|Any CPU.ActiveCfg = Release|Any CPU
		{B2C971D9-2506-6161-E7E2-67C798EE873F}.Release|Any CPU.Build.0 = Release|Any CPU
		{7C628475-A743-4DDB-F6F2-5670C8B78B4B}.Debug|Any CPU.ActiveCfg = Debug|Any CPU
		{7C628475-A743-4DDB-F6F2-5670C8B78B4B}.Debug|Any CPU.Build.0 = Debug|Any CPU
		{7C628475-A743-4DDB-F6F2-5670C8B78B4B}.Release|Any CPU.ActiveCfg = Release|Any CPU
		{7C628475-A743-4DDB-F6F2-5670C8B78B4B}.Release|Any CPU.Build.0 = Release|Any CPU
		{9A636AE1-F1C5-A1C9-507B-3732E965B89B}.Debug|Any CPU.ActiveCfg = Debug|Any CPU
		{9A636AE1-F1C5-A1C9-507B-3732E965B89B}.Debug|Any CPU.Build.0 = Debug|Any CPU
		{9A636AE1-F1C5-A1C9-507B-3732E965B89B}.Release|Any CPU.ActiveCfg = Release|Any CPU
		{9A636AE1-F1C5-A1C9-507B-3732E965B89B}.Release|Any CPU.Build.0 = Release|Any CPU
		{E6CF6FEF-4922-222A-2AC4-76CD6026D9BD}.Debug|Any CPU.ActiveCfg = Debug|Any CPU
		{E6CF6FEF-4922-222A-2AC4-76CD6026D9BD}.Debug|Any CPU.Build.0 = Debug|Any CPU
		{E6CF6FEF-4922-222A-2AC4-76CD6026D9BD}.Release|Any CPU.ActiveCfg = Release|Any CPU
		{E6CF6FEF-4922-222A-2AC4-76CD6026D9BD}.Release|Any CPU.Build.0 = Release|Any CPU
		{B2194FA4-97AE-7F18-2324-BA4AFAF13A4A}.Debug|Any CPU.ActiveCfg = Debug|Any CPU
		{B2194FA4-97AE-7F18-2324-BA4AFAF13A4A}.Debug|Any CPU.Build.0 = Debug|Any CPU
		{B2194FA4-97AE-7F18-2324-BA4AFAF13A4A}.Release|Any CPU.ActiveCfg = Release|Any CPU
		{B2194FA4-97AE-7F18-2324-BA4AFAF13A4A}.Release|Any CPU.Build.0 = Release|Any CPU
		{D9493EE7-B5DB-0939-D2BB-0B4551C98DD2}.Debug|Any CPU.ActiveCfg = Debug|Any CPU
		{D9493EE7-B5DB-0939-D2BB-0B4551C98DD2}.Debug|Any CPU.Build.0 = Debug|Any CPU
		{D9493EE7-B5DB-0939-D2BB-0B4551C98DD2}.Release|Any CPU.ActiveCfg = Release|Any CPU
		{D9493EE7-B5DB-0939-D2BB-0B4551C98DD2}.Release|Any CPU.Build.0 = Release|Any CPU
		{F49AEE9A-F35B-EB11-962F-EA177FDBFF03}.Debug|Any CPU.ActiveCfg = Debug|Any CPU
		{F49AEE9A-F35B-EB11-962F-EA177FDBFF03}.Debug|Any CPU.Build.0 = Debug|Any CPU
		{F49AEE9A-F35B-EB11-962F-EA177FDBFF03}.Release|Any CPU.ActiveCfg = Release|Any CPU
		{F49AEE9A-F35B-EB11-962F-EA177FDBFF03}.Release|Any CPU.Build.0 = Release|Any CPU
		{4AB308E1-4FEE-D656-183C-E12F3A1B2FBF}.Debug|Any CPU.ActiveCfg = Debug|Any CPU
		{4AB308E1-4FEE-D656-183C-E12F3A1B2FBF}.Debug|Any CPU.Build.0 = Debug|Any CPU
		{4AB308E1-4FEE-D656-183C-E12F3A1B2FBF}.Release|Any CPU.ActiveCfg = Release|Any CPU
		{4AB308E1-4FEE-D656-183C-E12F3A1B2FBF}.Release|Any CPU.Build.0 = Release|Any CPU
		{B71F490E-69F1-331D-3434-561BBCA354C6}.Debug|Any CPU.ActiveCfg = Debug|Any CPU
		{B71F490E-69F1-331D-3434-561BBCA354C6}.Debug|Any CPU.Build.0 = Debug|Any CPU
		{B71F490E-69F1-331D-3434-561BBCA354C6}.Release|Any CPU.ActiveCfg = Release|Any CPU
		{B71F490E-69F1-331D-3434-561BBCA354C6}.Release|Any CPU.Build.0 = Release|Any CPU
		{087927C1-9333-ED63-F54C-0D3F82518DEE}.Debug|Any CPU.ActiveCfg = Debug|Any CPU
		{087927C1-9333-ED63-F54C-0D3F82518DEE}.Debug|Any CPU.Build.0 = Debug|Any CPU
		{087927C1-9333-ED63-F54C-0D3F82518DEE}.Release|Any CPU.ActiveCfg = Release|Any CPU
		{087927C1-9333-ED63-F54C-0D3F82518DEE}.Release|Any CPU.Build.0 = Release|Any CPU
		{23ECF66E-E7CD-AC3D-9817-54AD50DC77C8}.Debug|Any CPU.ActiveCfg = Debug|Any CPU
		{23ECF66E-E7CD-AC3D-9817-54AD50DC77C8}.Debug|Any CPU.Build.0 = Debug|Any CPU
		{23ECF66E-E7CD-AC3D-9817-54AD50DC77C8}.Release|Any CPU.ActiveCfg = Release|Any CPU
		{23ECF66E-E7CD-AC3D-9817-54AD50DC77C8}.Release|Any CPU.Build.0 = Release|Any CPU
		{C7243D3D-A4B7-F6CA-A133-34936AEAC6F4}.Debug|Any CPU.ActiveCfg = Debug|Any CPU
		{C7243D3D-A4B7-F6CA-A133-34936AEAC6F4}.Debug|Any CPU.Build.0 = Debug|Any CPU
		{C7243D3D-A4B7-F6CA-A133-34936AEAC6F4}.Release|Any CPU.ActiveCfg = Release|Any CPU
		{C7243D3D-A4B7-F6CA-A133-34936AEAC6F4}.Release|Any CPU.Build.0 = Release|Any CPU
		{7C28D03A-BD1A-F1B1-0C7F-1F5CDBB37AA8}.Debug|Any CPU.ActiveCfg = Debug|Any CPU
		{7C28D03A-BD1A-F1B1-0C7F-1F5CDBB37AA8}.Debug|Any CPU.Build.0 = Debug|Any CPU
		{7C28D03A-BD1A-F1B1-0C7F-1F5CDBB37AA8}.Release|Any CPU.ActiveCfg = Release|Any CPU
		{7C28D03A-BD1A-F1B1-0C7F-1F5CDBB37AA8}.Release|Any CPU.Build.0 = Release|Any CPU
		{14623602-8C7C-61F9-C76E-5F2410263B47}.Debug|Any CPU.ActiveCfg = Debug|Any CPU
		{14623602-8C7C-61F9-C76E-5F2410263B47}.Debug|Any CPU.Build.0 = Debug|Any CPU
		{14623602-8C7C-61F9-C76E-5F2410263B47}.Release|Any CPU.ActiveCfg = Release|Any CPU
		{14623602-8C7C-61F9-C76E-5F2410263B47}.Release|Any CPU.Build.0 = Release|Any CPU
		{02AD8B39-D1FD-3D6D-CE0C-5AFBD77987F2}.Debug|Any CPU.ActiveCfg = Debug|Any CPU
		{02AD8B39-D1FD-3D6D-CE0C-5AFBD77987F2}.Debug|Any CPU.Build.0 = Debug|Any CPU
		{02AD8B39-D1FD-3D6D-CE0C-5AFBD77987F2}.Release|Any CPU.ActiveCfg = Release|Any CPU
		{02AD8B39-D1FD-3D6D-CE0C-5AFBD77987F2}.Release|Any CPU.Build.0 = Release|Any CPU
		{0E6E6C7F-8995-AFA0-E0FF-27E91CD76E27}.Debug|Any CPU.ActiveCfg = Debug|Any CPU
		{0E6E6C7F-8995-AFA0-E0FF-27E91CD76E27}.Debug|Any CPU.Build.0 = Debug|Any CPU
		{0E6E6C7F-8995-AFA0-E0FF-27E91CD76E27}.Release|Any CPU.ActiveCfg = Release|Any CPU
		{0E6E6C7F-8995-AFA0-E0FF-27E91CD76E27}.Release|Any CPU.Build.0 = Release|Any CPU
		{D494355A-0795-BA69-B87F-D779086C8C0A}.Debug|Any CPU.ActiveCfg = Debug|Any CPU
		{D494355A-0795-BA69-B87F-D779086C8C0A}.Debug|Any CPU.Build.0 = Debug|Any CPU
		{D494355A-0795-BA69-B87F-D779086C8C0A}.Release|Any CPU.ActiveCfg = Release|Any CPU
		{D494355A-0795-BA69-B87F-D779086C8C0A}.Release|Any CPU.Build.0 = Release|Any CPU
		{19A9ED5A-23D3-D94C-CFDD-A82302F31D3B}.Debug|Any CPU.ActiveCfg = Debug|Any CPU
		{19A9ED5A-23D3-D94C-CFDD-A82302F31D3B}.Debug|Any CPU.Build.0 = Debug|Any CPU
		{19A9ED5A-23D3-D94C-CFDD-A82302F31D3B}.Release|Any CPU.ActiveCfg = Release|Any CPU
		{19A9ED5A-23D3-D94C-CFDD-A82302F31D3B}.Release|Any CPU.Build.0 = Release|Any CPU
		{837545CE-E4B8-562A-FE7E-CC6D1C8CDC63}.Debug|Any CPU.ActiveCfg = Debug|Any CPU
		{837545CE-E4B8-562A-FE7E-CC6D1C8CDC63}.Debug|Any CPU.Build.0 = Debug|Any CPU
		{837545CE-E4B8-562A-FE7E-CC6D1C8CDC63}.Release|Any CPU.ActiveCfg = Release|Any CPU
		{837545CE-E4B8-562A-FE7E-CC6D1C8CDC63}.Release|Any CPU.Build.0 = Release|Any CPU
		{A2518A6B-F286-87E4-4F04-F212608C4F33}.Debug|Any CPU.ActiveCfg = Debug|Any CPU
		{A2518A6B-F286-87E4-4F04-F212608C4F33}.Debug|Any CPU.Build.0 = Debug|Any CPU
		{A2518A6B-F286-87E4-4F04-F212608C4F33}.Release|Any CPU.ActiveCfg = Release|Any CPU
		{A2518A6B-F286-87E4-4F04-F212608C4F33}.Release|Any CPU.Build.0 = Release|Any CPU
		{0360DD8B-5930-32F2-699B-E28016D50993}.Debug|Any CPU.ActiveCfg = Debug|Any CPU
		{0360DD8B-5930-32F2-699B-E28016D50993}.Debug|Any CPU.Build.0 = Debug|Any CPU
		{0360DD8B-5930-32F2-699B-E28016D50993}.Release|Any CPU.ActiveCfg = Release|Any CPU
		{0360DD8B-5930-32F2-699B-E28016D50993}.Release|Any CPU.Build.0 = Release|Any CPU
		{63901D6B-EF78-FAA2-7F3F-0B4E3CC8E351}.Debug|Any CPU.ActiveCfg = Debug|Any CPU
		{63901D6B-EF78-FAA2-7F3F-0B4E3CC8E351}.Debug|Any CPU.Build.0 = Debug|Any CPU
		{63901D6B-EF78-FAA2-7F3F-0B4E3CC8E351}.Release|Any CPU.ActiveCfg = Release|Any CPU
		{63901D6B-EF78-FAA2-7F3F-0B4E3CC8E351}.Release|Any CPU.Build.0 = Release|Any CPU
		{D686BA82-9222-0A85-A94F-DB75B3AE7759}.Debug|Any CPU.ActiveCfg = Debug|Any CPU
		{D686BA82-9222-0A85-A94F-DB75B3AE7759}.Debug|Any CPU.Build.0 = Debug|Any CPU
		{D686BA82-9222-0A85-A94F-DB75B3AE7759}.Release|Any CPU.ActiveCfg = Release|Any CPU
		{D686BA82-9222-0A85-A94F-DB75B3AE7759}.Release|Any CPU.Build.0 = Release|Any CPU
		{DB983A9E-E821-9E7D-01B2-9EA9ED5BE8F7}.Debug|Any CPU.ActiveCfg = Debug|Any CPU
		{DB983A9E-E821-9E7D-01B2-9EA9ED5BE8F7}.Debug|Any CPU.Build.0 = Debug|Any CPU
		{DB983A9E-E821-9E7D-01B2-9EA9ED5BE8F7}.Release|Any CPU.ActiveCfg = Release|Any CPU
		{DB983A9E-E821-9E7D-01B2-9EA9ED5BE8F7}.Release|Any CPU.Build.0 = Release|Any CPU
		{6265EBC3-1C7E-3471-0C73-B3FE28001240}.Debug|Any CPU.ActiveCfg = Debug|Any CPU
		{6265EBC3-1C7E-3471-0C73-B3FE28001240}.Debug|Any CPU.Build.0 = Debug|Any CPU
		{6265EBC3-1C7E-3471-0C73-B3FE28001240}.Release|Any CPU.ActiveCfg = Release|Any CPU
		{6265EBC3-1C7E-3471-0C73-B3FE28001240}.Release|Any CPU.Build.0 = Release|Any CPU
		{DE470EA0-4AC9-E6C4-FDDF-12FC665C68C3}.Debug|Any CPU.ActiveCfg = Debug|Any CPU
		{DE470EA0-4AC9-E6C4-FDDF-12FC665C68C3}.Debug|Any CPU.Build.0 = Debug|Any CPU
		{DE470EA0-4AC9-E6C4-FDDF-12FC665C68C3}.Release|Any CPU.ActiveCfg = Release|Any CPU
		{DE470EA0-4AC9-E6C4-FDDF-12FC665C68C3}.Release|Any CPU.Build.0 = Release|Any CPU
		{CAD9788B-5C8F-B01A-129D-E94850182979}.Debug|Any CPU.ActiveCfg = Debug|Any CPU
		{CAD9788B-5C8F-B01A-129D-E94850182979}.Debug|Any CPU.Build.0 = Debug|Any CPU
		{CAD9788B-5C8F-B01A-129D-E94850182979}.Release|Any CPU.ActiveCfg = Release|Any CPU
		{CAD9788B-5C8F-B01A-129D-E94850182979}.Release|Any CPU.Build.0 = Release|Any CPU
		{667773E4-3409-7D95-A6CA-376491ABC030}.Debug|Any CPU.ActiveCfg = Debug|Any CPU
		{667773E4-3409-7D95-A6CA-376491ABC030}.Debug|Any CPU.Build.0 = Debug|Any CPU
		{667773E4-3409-7D95-A6CA-376491ABC030}.Release|Any CPU.ActiveCfg = Release|Any CPU
		{667773E4-3409-7D95-A6CA-376491ABC030}.Release|Any CPU.Build.0 = Release|Any CPU
		{BEA49FB8-D4FD-63E4-876A-545EB6607563}.Debug|Any CPU.ActiveCfg = Debug|Any CPU
		{BEA49FB8-D4FD-63E4-876A-545EB6607563}.Debug|Any CPU.Build.0 = Debug|Any CPU
		{BEA49FB8-D4FD-63E4-876A-545EB6607563}.Release|Any CPU.ActiveCfg = Release|Any CPU
		{BEA49FB8-D4FD-63E4-876A-545EB6607563}.Release|Any CPU.Build.0 = Release|Any CPU
		{C8C2FABD-E02B-F288-6D95-0DCC5DE8DBE7}.Debug|Any CPU.ActiveCfg = Debug|Any CPU
		{C8C2FABD-E02B-F288-6D95-0DCC5DE8DBE7}.Debug|Any CPU.Build.0 = Debug|Any CPU
		{C8C2FABD-E02B-F288-6D95-0DCC5DE8DBE7}.Release|Any CPU.ActiveCfg = Release|Any CPU
		{C8C2FABD-E02B-F288-6D95-0DCC5DE8DBE7}.Release|Any CPU.Build.0 = Release|Any CPU
		{074DBCD5-FC9F-1D9D-3CA3-055910548508}.Debug|Any CPU.ActiveCfg = Debug|Any CPU
		{074DBCD5-FC9F-1D9D-3CA3-055910548508}.Debug|Any CPU.Build.0 = Debug|Any CPU
		{074DBCD5-FC9F-1D9D-3CA3-055910548508}.Release|Any CPU.ActiveCfg = Release|Any CPU
		{074DBCD5-FC9F-1D9D-3CA3-055910548508}.Release|Any CPU.Build.0 = Release|Any CPU
		{49A1C364-CD75-EA2E-4378-066CFA9C00AD}.Debug|Any CPU.ActiveCfg = Debug|Any CPU
		{49A1C364-CD75-EA2E-4378-066CFA9C00AD}.Debug|Any CPU.Build.0 = Debug|Any CPU
		{49A1C364-CD75-EA2E-4378-066CFA9C00AD}.Release|Any CPU.ActiveCfg = Release|Any CPU
		{49A1C364-CD75-EA2E-4378-066CFA9C00AD}.Release|Any CPU.Build.0 = Release|Any CPU
		{D3AD9565-4A57-6231-4A2C-12D91F727E05}.Debug|Any CPU.ActiveCfg = Debug|Any CPU
		{D3AD9565-4A57-6231-4A2C-12D91F727E05}.Debug|Any CPU.Build.0 = Debug|Any CPU
		{D3AD9565-4A57-6231-4A2C-12D91F727E05}.Release|Any CPU.ActiveCfg = Release|Any CPU
		{D3AD9565-4A57-6231-4A2C-12D91F727E05}.Release|Any CPU.Build.0 = Release|Any CPU
		{8894B379-F355-9081-A5F6-AA08E7028A5A}.Debug|Any CPU.ActiveCfg = Debug|Any CPU
		{8894B379-F355-9081-A5F6-AA08E7028A5A}.Debug|Any CPU.Build.0 = Debug|Any CPU
		{8894B379-F355-9081-A5F6-AA08E7028A5A}.Release|Any CPU.ActiveCfg = Release|Any CPU
		{8894B379-F355-9081-A5F6-AA08E7028A5A}.Release|Any CPU.Build.0 = Release|Any CPU
		{AF4F01B9-B436-52F4-181A-80772BFA04F4}.Debug|Any CPU.ActiveCfg = Debug|Any CPU
		{AF4F01B9-B436-52F4-181A-80772BFA04F4}.Debug|Any CPU.Build.0 = Debug|Any CPU
		{AF4F01B9-B436-52F4-181A-80772BFA04F4}.Release|Any CPU.ActiveCfg = Release|Any CPU
		{AF4F01B9-B436-52F4-181A-80772BFA04F4}.Release|Any CPU.Build.0 = Release|Any CPU
	EndGlobalSection
	GlobalSection(SolutionProperties) = preSolution
		HideSolutionNode = FALSE
	EndGlobalSection
EndGlobal
